# This file is automatically @generated by Cargo.
# It is not intended for manual editing.
version = 4

[[package]]
name = "wirk"
version = "0.1.0"
dependencies = [
 "wirk-atlas",
 "wirk-core",
 "wirk-herdr",
]

[[package]]
name = "wirk-atlas"
version = "0.1.0"
dependencies = [
 "wirk-core",
]

[[package]]
name = "wirk-core"
version = "0.1.0"

[[package]]
name = "wirk-herdr"
version = "0.1.0"
dependencies = [
 "wirk-core",
]
